{
  "version": "5",
  "specifiers": {
    "jsr:@std/fs@1.0.19": "1.0.19",
    "jsr:@std/fs@^1.0.19": "1.0.19",
    "jsr:@std/internal@^1.0.10": "1.0.10",
    "jsr:@std/internal@^1.0.9": "1.0.10",
    "jsr:@std/path@^1.1.1": "1.1.2",
    "npm:@types/node@*": "22.12.0",
    "npm:@unicode/unicode-15.0.0@*": "1.6.5",
    "npm:@unicode/unicode-16.0.0@*": "1.6.5",
    "npm:@unicode/unicode-17.0.0@*": "1.6.12",
    "npm:fastestsmallesttextencoderdecoder@1.0.22": "1.0.22",
    "npm:is-reference@3": "3.0.3",
    "npm:magic-string@0.30.19": "0.30.19",
    "npm:object-inspect@1": "1.13.4",
    "npm:oxc-parser@0.95.0": "0.95.0",
    "npm:oxc-transform@*": "0.95.0",
    "npm:oxc-transform@0.95.0": "0.95.0",
    "npm:periscopic@4": "4.0.2",
    "npm:picocolors@^1.1.1": "1.1.1",
    "npm:regenerate@1.4.2": "1.4.2",
    "npm:string-width@^7.2.0": "7.2.0",
    "npm:typescript@*": "5.8.3",
    "npm:typescript@^5.9.0": "5.9.3",
    "npm:whatwg-url@14.2.0": "14.2.0",
    "npm:zimmerframe@1": "1.1.2"
  },
  "jsr": {
    "@std/fs@1.0.19": {
      "integrity": "051968c2b1eae4d2ea9f79a08a3845740ef6af10356aff43d3e2ef11ed09fb06",
      "dependencies": [
        "jsr:@std/internal@^1.0.9",
        "jsr:@std/path"
      ]
    },
    "@std/internal@1.0.10": {
      "integrity": "e3be62ce42cab0e177c27698e5d9800122f67b766a0bea6ca4867886cbde8cf7"
    },
    "@std/path@1.1.2": {
      "integrity": "c0b13b97dfe06546d5e16bf3966b1cadf92e1cc83e56ba5476ad8b498d9e3038",
      "dependencies": [
        "jsr:@std/internal@^1.0.10"
      ]
    }
  },
  "npm": {
    "@emnapi/core@1.5.0": {
      "integrity": "sha512-sbP8GzB1WDzacS8fgNPpHlp6C9VZe+SJP3F90W9rLemaQj2PzIuTEl1qDOYQf58YIpyjViI24y9aPWCjEzY2cg==",
      "dependencies": [
        "@emnapi/wasi-threads",
        "tslib"
      ]
    },
    "@emnapi/runtime@1.5.0": {
      "integrity": "sha512-97/BJ3iXHww3djw6hYIfErCZFee7qCtrneuLa20UXFCOTCfBM2cvQHjWJ2EG0s0MtdNwInarqCTz35i4wWXHsQ==",
      "dependencies": [
        "tslib"
      ]
    },
    "@emnapi/wasi-threads@1.1.0": {
      "integrity": "sha512-WI0DdZ8xFSbgMjR1sFsKABJ/C5OnRrjT06JXbZKexJGrDuPTzZdDYfFlsgcCXCyf+suG5QU2e/y1Wo2V/OapLQ==",
      "dependencies": [
        "tslib"
      ]
    },
    "@jridgewell/sourcemap-codec@1.5.5": {
      "integrity": "sha512-cYQ9310grqxueWbl+WuIUIaiUaDcj7WOq5fVhEljNVgRfOUhY9fy2zTvfoqWsnebh8Sl70VScFbICvJnLKB0Og=="
    },
    "@napi-rs/wasm-runtime@1.0.7": {
      "integrity": "sha512-SeDnOO0Tk7Okiq6DbXmmBODgOAb9dp9gjlphokTUxmt8U3liIP1ZsozBahH69j/RJv+Rfs6IwUKHTgQYJ/HBAw==",
      "dependencies": [
        "@emnapi/core",
        "@emnapi/runtime",
        "@tybys/wasm-util"
      ]
    },
    "@oxc-parser/binding-android-arm64@0.95.0": {
      "integrity": "sha512-dZyxhhvJigwWL1wgnLlqyEiSeuqO0WdDH9H+if0dPcBM4fKa5fjVkaUcJT1jBMcBTnkjxMwTXYZy5TK60N0fjg==",
      "os": ["android"],
      "cpu": ["arm64"]
    },
    "@oxc-parser/binding-darwin-arm64@0.95.0": {
      "integrity": "sha512-zun9+V33kyCtNec9oUSWwb0qi3fB8pXwum1yGFECPEr55g/CrWju6/Jv4hwwNBeW2tK9Ch/PRstEtYmOLMhHpg==",
      "os": ["darwin"],
      "cpu": ["arm64"]
    },
    "@oxc-parser/binding-darwin-x64@0.95.0": {
      "integrity": "sha512-9djMQ/t6Ns/UXtziwUe562uVJMbhtuLtCj+Xav+HMVT/rhV9gWO8PQOG7AwDLUBjJanItsrfqrGtqhNxtZ701w==",
      "os": ["darwin"],
      "cpu": ["x64"]
    },
    "@oxc-parser/binding-freebsd-x64@0.95.0": {
      "integrity": "sha512-GK6k0PgCVkkeRZtHgcosCYbXIRySpJpuPw/OInfLGFh8f3x9gp2l8Fbcfx+YO+ZOHFBCd2NNedGqw8wMgouxfA==",
      "os": ["freebsd"],
      "cpu": ["x64"]
    },
    "@oxc-parser/binding-linux-arm-gnueabihf@0.95.0": {
      "integrity": "sha512-+g/lFITtyHHEk69cunOHuiT5cX+mpUTcbGYNe8suguZ7FqgNwai+PnGv0ctCvtgxBPVfckfUK8c3RvFKo+vi/w==",
      "os": ["linux"],
      "cpu": ["arm"]
    },
    "@oxc-parser/binding-linux-arm-musleabihf@0.95.0": {
      "integrity": "sha512-SXNasDtPw8ycNV7VEvFxb4LETmykvWKUhHR7K3us818coXYpDj54P8WEx8hJobP/9skuuiFuKHmtYLdjX8wntA==",
      "os": ["linux"],
      "cpu": ["arm"]
    },
    "@oxc-parser/binding-linux-arm64-gnu@0.95.0": {
      "integrity": "sha512-0LzebARTU0ROfD6pDK4h1pFn+09meErCZ0MA2TaW08G72+GNneEsksPufOuI+9AxVSRa+jKE3fu0wavvhZgSkg==",
      "os": ["linux"],
      "cpu": ["arm64"]
    },
    "@oxc-parser/binding-linux-arm64-musl@0.95.0": {
      "integrity": "sha512-Pvi1lGe/G+mJZ3hUojMP/aAHAzHA25AEtVr8/iuz7UV72t/15NOgJYr9kELMUMNjPqpr3vKUgXTFmTtAxp11Qw==",
      "os": ["linux"],
      "cpu": ["arm64"]
    },
    "@oxc-parser/binding-linux-riscv64-gnu@0.95.0": {
      "integrity": "sha512-pUEVHIOVNDfhk4sTlLhn6mrNENhE4/dAwemxIfqpcSyBlYG0xYZND1F3jjR2yWY6DakXZ6VSuDbtiv1LPNlOLw==",
      "os": ["linux"],
      "cpu": ["riscv64"]
    },
    "@oxc-parser/binding-linux-s390x-gnu@0.95.0": {
      "integrity": "sha512-5+olaepHTE3J/+w7g0tr3nocvv5BKilAJnzj4L8tWBCLEZbL6olJcGVoldUO+3cgg1SO1xJywP5BuLhT0mDUDw==",
      "os": ["linux"],
      "cpu": ["s390x"]
    },
    "@oxc-parser/binding-linux-x64-gnu@0.95.0": {
      "integrity": "sha512-8huzHlK/N98wrnYKxIcYsK8ZGBWomQchu/Mzi6m+CtbhjWOv9DmK0jQ2fUWImtluQVpTwS0uZT06d3g7XIkJrA==",
      "os": ["linux"],
      "cpu": ["x64"]
    },
    "@oxc-parser/binding-linux-x64-musl@0.95.0": {
      "integrity": "sha512-bWnrLfGDcx/fab0+UQnFbVFbiykof/btImbYf+cI2pU/1Egb2x+OKSmM5Qt0nEUiIpM5fgJmYXxTopybSZOKYA==",
      "os": ["linux"],
      "cpu": ["x64"]
    },
    "@oxc-parser/binding-wasm32-wasi@0.95.0": {
      "integrity": "sha512-0JLyqkZu1HnQIZ4e5LBGOtzqua1QwFEUOoMSycdoerXqayd4LK2b7WMfAx8eCIf+jGm1Uj6f3R00nlsx8g1faQ==",
      "dependencies": [
        "@napi-rs/wasm-runtime"
      ],
      "cpu": ["wasm32"]
    },
    "@oxc-parser/binding-win32-arm64-msvc@0.95.0": {
      "integrity": "sha512-RWvaA6s1SYlBj9CxwHfNn0CRlkPdv9fEUAXfZkGQPdP5e1ppIaO2KYE0sUov/zzp9hPTMMsTMHl4dcIbb+pHCQ==",
      "os": ["win32"],
      "cpu": ["arm64"]
    },
    "@oxc-parser/binding-win32-x64-msvc@0.95.0": {
      "integrity": "sha512-BQpgl7rDjFvCIHudmUR0dCwc4ylBYZl4CPVinlD3NhkMif4WD5dADckoo5ES/KOpFyvwcbKZX+grP63cjHi26g==",
      "os": ["win32"],
      "cpu": ["x64"]
    },
    "@oxc-project/types@0.95.0": {
      "integrity": "sha512-vACy7vhpMPhjEJhULNxrdR0D943TkA/MigMpJCHmBHvMXxRStRi/dPtTlfQ3uDwWSzRpT8z+7ImjZVf8JWBocQ=="
    },
    "@oxc-transform/binding-android-arm64@0.95.0": {
      "integrity": "sha512-eW+BCgRWOsMrDiz7FEV7BjAmaF9lGIc2ueGdRUYjRUMq4f5FSGS7gMBTYDxajdoIB3L5Gnksh1CWkIlgg95UVA==",
      "os": ["android"],
      "cpu": ["arm64"]
    },
    "@oxc-transform/binding-darwin-arm64@0.95.0": {
      "integrity": "sha512-OUUaYZVss8tyDZZ7TGr2vnH3+i3Ouwsx0frQRGkiePNatXxaJJ3NS5+Kwgi9hh3WryXaQz2hWji4AM2RHYE7Cg==",
      "os": ["darwin"],
      "cpu": ["arm64"]
    },
    "@oxc-transform/binding-darwin-x64@0.95.0": {
      "integrity": "sha512-49UPEgIlgWUndwcP3LH6dvmOewZ92DxCMpFMo11JhUlmNJxA3sjVImEBRB56/tJ+XF+xnya9kB1oCW4yRY+mRw==",
      "os": ["darwin"],
      "cpu": ["x64"]
    },
    "@oxc-transform/binding-freebsd-x64@0.95.0": {
      "integrity": "sha512-lNKrHKaDEm8pbKlVbn0rv2L97O0lbA0Tsrxx4GF/HhmdW+NgwGU1pMzZ4tB2QcylbqgKxOB+v9luebHyh1jfgA==",
      "os": ["freebsd"],
      "cpu": ["x64"]
    },
    "@oxc-transform/binding-linux-arm-gnueabihf@0.95.0": {
      "integrity": "sha512-+VWcLeeizI8IjU+V+o8AmzPuIMiTrGr0vrmXU3CEsV05MrywCuJU+f6ilPs3JBKno9VIwqvRpHB/z39sQabHWg==",
      "os": ["linux"],
      "cpu": ["arm"]
    },
    "@oxc-transform/binding-linux-arm-musleabihf@0.95.0": {
      "integrity": "sha512-a59xPw84t6VwlvNEGcmuw3feGcKcWOC7uB8oePJ/BVSAV1yayLoB3k6JASwLTZ7N/PNPNUhcw1jDxowgAfBJfg==",
      "os": ["linux"],
      "cpu": ["arm"]
    },
    "@oxc-transform/binding-linux-arm64-gnu@0.95.0": {
      "integrity": "sha512-NLdrFuEHlmbiC1M1WESFV4luUcB/84GXi+cbnRXhgMjIW/CThRVJ989eTJy59QivkVlLcJSKTiKiKCt0O6TTlQ==",
      "os": ["linux"],
      "cpu": ["arm64"]
    },
    "@oxc-transform/binding-linux-arm64-musl@0.95.0": {
      "integrity": "sha512-GL0ffCPW8JlFI0/jeSgCY665yDdojHxA0pbYG+k8oEHOWCYZUZK9AXL+r0oerNEWYJ8CRB+L5Yq87ZtU/YUitw==",
      "os": ["linux"],
      "cpu": ["arm64"]
    },
    "@oxc-transform/binding-linux-riscv64-gnu@0.95.0": {
      "integrity": "sha512-tbH7LaClSmN3YFVo1UjMSe7D6gkb5f+CMIbj9i873UUZomVRmAjC4ygioObfzM+sj/tX0WoTXx5L1YOfQkHL6Q==",
      "os": ["linux"],
      "cpu": ["riscv64"]
    },
    "@oxc-transform/binding-linux-s390x-gnu@0.95.0": {
      "integrity": "sha512-8jMqiURWa0iTiPMg7BWaln89VdhhWzNlPyKM90NaFVVhBIKCr2UEhrQWdpBw/E9C8uWf/4VabBEhfPMK+0yS4w==",
      "os": ["linux"],
      "cpu": ["s390x"]
    },
    "@oxc-transform/binding-linux-x64-gnu@0.95.0": {
      "integrity": "sha512-D5ULJ2uWipsTgfvHIvqmnGkCtB3Fyt2ZN7APRjVO+wLr+HtmnaWddKsLdrRWX/m/6nQ2xQdoQekdJrokYK9LtQ==",
      "os": ["linux"],
      "cpu": ["x64"]
    },
    "@oxc-transform/binding-linux-x64-musl@0.95.0": {
      "integrity": "sha512-DmCGU+FzRezES5wVAGVimZGzYIjMOapXbWpxuz8M8p3nMrfdBEQ5/tpwBp2vRlIohhABy4vhHJByl4c64ENCGQ==",
      "os": ["linux"],
      "cpu": ["x64"]
    },
    "@oxc-transform/binding-wasm32-wasi@0.95.0": {
      "integrity": "sha512-tSo1EU4Whd1gXyae7cwSDouhppkuz6Jkd5LY8Uch9VKsHVSRhDLDW19Mq6VSwtyPxDPTJnJ2jYJWm+n8SYXiXQ==",
      "dependencies": [
        "@napi-rs/wasm-runtime"
      ],
      "cpu": ["wasm32"]
    },
    "@oxc-transform/binding-win32-arm64-msvc@0.95.0": {
      "integrity": "sha512-6eaxlgj+J5n8zgJTSugqdPLBtKGRqvxYLcvHN8b+U9hVhF/2HG/JCOrcSYV/XgWGNPQiaRVzpR3hGhmFro9QTw==",
      "os": ["win32"],
      "cpu": ["arm64"]
    },
    "@oxc-transform/binding-win32-x64-msvc@0.95.0": {
      "integrity": "sha512-Y8JY79A7fTuBjEXZFu+mHbHzgsV3uJDUuUKeGffpOwI1ayOGCKeBJTiMhksYkiir1xS+DkGLEz73+xse9Is9rw==",
      "os": ["win32"],
      "cpu": ["x64"]
    },
    "@swc/wasm-web@1.13.20": {
      "integrity": "sha512-pgszLDzTNcv2XhwCDeKGGYNtP/4MdGQwM/x3OsZsbNXTS2dfHSzQPMVHlxCd1SIhX2SdSuawd94OLOW7PeFLqg=="
    },
    "@tybys/wasm-util@0.10.1": {
      "integrity": "sha512-9tTaPJLSiejZKx+Bmog4uSubteqTvFrVrURwkmHixBo0G4seD0zUxp98E1DzUBJxLQ3NPwXrGKDiVjwx/DpPsg==",
      "dependencies": [
        "tslib"
      ]
    },
    "@types/estree@1.0.6": {
      "integrity": "sha512-AYnb1nQyY49te+VRAVgmzfcgjYS91mY5P0TKUDCLEM+gNnA+3T6rWITXRLYCpahpqSQbN5cE+gHpnPyXjHWxcw=="
    },
    "@types/node@22.12.0": {
      "integrity": "sha512-Fll2FZ1riMjNmlmJOdAyY5pUbkftXslB5DgEzlIuNaiWhXd00FhWxVC/r4yV/4wBb9JfImTu+jiSvXTkJ7F/gA==",
      "dependencies": [
        "undici-types"
      ]
    },
    "@unicode/unicode-15.0.0@1.6.5": {
      "integrity": "sha512-eautd3KG0MczbL9fRaHlOn+4nzdD82mV5Y3gbqFsLf4cgO8PY0nv62PgcYfdFq+95d6Apmv52eWTll1xamLkxQ=="
    },
    "@unicode/unicode-16.0.0@1.6.5": {
      "integrity": "sha512-r+ONMCgl+K2UWPmEbjN+aqjiLkjh1Zattq8OKYCbFoslwWFc+ysAGQR4h3YOtNvVtuiZSd4O1brRE7cp0wn6Aw=="
    },
    "@unicode/unicode-17.0.0@1.6.12": {
      "integrity": "sha512-4IyVjMPIjHThNGZ3PSv7CTtkHrTF8YlkA2HuNAMrqnjIiN2ghCtnwUwEqjfpUT+dfBWjiZJGkiInlqF/3fPiZQ=="
    },
    "ansi-regex@6.1.0": {
      "integrity": "sha512-7HSX4QQb4CspciLpVFwyRe79O3xsIZDDLER21kERQ71oaPodF8jL725AgJMFAYbooIqolJoRLuM81SpeUkpkvA=="
    },
    "emoji-regex@10.4.0": {
      "integrity": "sha512-EC+0oUMY1Rqm4O6LLrgjtYDvcVYTy7chDnM4Q7030tP4Kwj3u/pR6gP9ygnp2CJMK5Gq+9Q2oqmrFJAz01DXjw=="
    },
    "fastestsmallesttextencoderdecoder@1.0.22": {
      "integrity": "sha512-Pb8d48e+oIuY4MaM64Cd7OW1gt4nxCHs7/ddPPZ/Ic3sg8yVGM7O9wDvZ7us6ScaUupzM+pfBolwtYhN1IxBIw=="
    },
    "get-east-asian-width@1.3.0": {
      "integrity": "sha512-vpeMIQKxczTD/0s2CdEWHcb0eeJe6TFjxb+J5xgX7hScxqrGuyjmv4c1D4A/gelKfyox0gJJwIHF+fLjeaM8kQ=="
    },
    "is-reference@3.0.3": {
      "integrity": "sha512-ixkJoqQvAP88E6wLydLGGqCJsrFUnqoH6HnaczB8XmDH1oaWU+xxdptvikTgaEhtZ53Ky6YXiBuUI2WXLMCwjw==",
      "dependencies": [
        "@types/estree"
      ]
    },
    "magic-string@0.30.19": {
      "integrity": "sha512-2N21sPY9Ws53PZvsEpVtNuSW+ScYbQdp4b9qUaL+9QkHUrGFKo56Lg9Emg5s9V/qrtNBmiR01sYhUOwu3H+VOw==",
      "dependencies": [
        "@jridgewell/sourcemap-codec"
      ]
    },
    "object-inspect@1.13.4": {
      "integrity": "sha512-W67iLl4J2EXEGTbfeHCffrjDfitvLANg0UlX3wFUUSTx92KXRFegMHUVgSqE+wvhAbi4WqjGg9czysTV2Epbew=="
    },
    "oxc-parser@0.95.0": {
      "integrity": "sha512-Te8fE/SmiiKWIrwBwxz5Dod87uYvsbcZ9JAL5ylPg1DevyKgTkxCXnPEaewk1Su2qpfNmry5RHoN+NywWFCG+A==",
      "dependencies": [
        "@oxc-project/types"
      ],
      "optionalDependencies": [
        "@oxc-parser/binding-android-arm64",
        "@oxc-parser/binding-darwin-arm64",
        "@oxc-parser/binding-darwin-x64",
        "@oxc-parser/binding-freebsd-x64",
        "@oxc-parser/binding-linux-arm-gnueabihf",
        "@oxc-parser/binding-linux-arm-musleabihf",
        "@oxc-parser/binding-linux-arm64-gnu",
        "@oxc-parser/binding-linux-arm64-musl",
        "@oxc-parser/binding-linux-riscv64-gnu",
        "@oxc-parser/binding-linux-s390x-gnu",
        "@oxc-parser/binding-linux-x64-gnu",
        "@oxc-parser/binding-linux-x64-musl",
        "@oxc-parser/binding-wasm32-wasi",
        "@oxc-parser/binding-win32-arm64-msvc",
        "@oxc-parser/binding-win32-x64-msvc"
      ]
    },
    "oxc-transform@0.95.0": {
      "integrity": "sha512-SmS5aThb5K0SoUZgzGbikNBjrGHfOY4X5TEqBlaZb1uy5YgXbUSbpakpZJ13yW36LNqy8Im5+y+sIk5dlzpZ/w==",
      "optionalDependencies": [
        "@oxc-transform/binding-android-arm64",
        "@oxc-transform/binding-darwin-arm64",
        "@oxc-transform/binding-darwin-x64",
        "@oxc-transform/binding-freebsd-x64",
        "@oxc-transform/binding-linux-arm-gnueabihf",
        "@oxc-transform/binding-linux-arm-musleabihf",
        "@oxc-transform/binding-linux-arm64-gnu",
        "@oxc-transform/binding-linux-arm64-musl",
        "@oxc-transform/binding-linux-riscv64-gnu",
        "@oxc-transform/binding-linux-s390x-gnu",
        "@oxc-transform/binding-linux-x64-gnu",
        "@oxc-transform/binding-linux-x64-musl",
        "@oxc-transform/binding-wasm32-wasi",
        "@oxc-transform/binding-win32-arm64-msvc",
        "@oxc-transform/binding-win32-x64-msvc"
      ]
    },
    "periscopic@4.0.2": {
      "integrity": "sha512-sqpQDUy8vgB7ycLkendSKS6HnVz1Rneoc3Rc+ZBUCe2pbqlVuCC5vF52l0NJ1aiMg/r1qfYF9/myz8CZeI2rjA==",
      "dependencies": [
        "@types/estree",
        "is-reference",
        "zimmerframe"
      ]
    },
    "picocolors@1.1.1": {
      "integrity": "sha512-xceH2snhtb5M9liqDsmEw56le376mTZkEX/jEb/RxNFyegNul7eNslCXP9FDj/Lcu0X8KEyMceP2ntpaHrDEVA=="
    },
    "punycode@2.3.1": {
      "integrity": "sha512-vYt7UD1U9Wg6138shLtLOvdAu+8DsC/ilFtEVHcH+wydcSpNE20AfSOduf6MkRFahL5FY7X1oU7nKVZFtfq8Fg=="
    },
    "regenerate@1.4.2": {
      "integrity": "sha512-zrceR/XhGYU/d/opr2EKO7aRHUeiBI8qjtfHqADTwZd6Szfy16la6kqD0MIUs5z5hx6AaKa+PixpPrR289+I0A=="
    },
    "string-width@7.2.0": {
      "integrity": "sha512-tsaTIkKW9b4N+AEj+SVA+WhJzV7/zMhcSu78mLKWSk7cXMOSHsBKFWUs0fWwq8QyK3MgJBQRX6Gbi4kYbdvGkQ==",
      "dependencies": [
        "emoji-regex",
        "get-east-asian-width",
        "strip-ansi"
      ]
    },
    "strip-ansi@7.1.0": {
      "integrity": "sha512-iq6eVVI64nQQTRYq2KtEg2d2uU7LElhTJwsH4YzIHZshxlgZms/wIc4VoDQTlG/IvVIrBKG06CrZnp0qv7hkcQ==",
      "dependencies": [
        "ansi-regex"
      ]
    },
    "tr46@5.1.0": {
      "integrity": "sha512-IUWnUK7ADYR5Sl1fZlO1INDUhVhatWl7BtJWsIhwJ0UAK7ilzzIa8uIqOO/aYVWHZPJkKbEL+362wrzoeRF7bw==",
      "dependencies": [
        "punycode"
      ]
    },
    "tslib@2.8.1": {
      "integrity": "sha512-oJFu94HQb+KVduSUQL7wnpmqnfmLsOA/nAh6b6EH0wCEoK0/mPeXU6c3wKDV83MkOuHPRHtSXKKU99IBazS/2w=="
    },
    "typescript@5.8.3": {
      "integrity": "sha512-p1diW6TqL9L07nNxvRMM7hMMw4c5XOo/1ibL4aAIGmSAt9slTE1Xgw5KWuof2uTOvCg9BY7ZRi+GaF+7sfgPeQ==",
      "bin": true
    },
    "typescript@5.9.3": {
      "integrity": "sha512-jl1vZzPDinLr9eUt3J/t7V6FgNEw9QjvBPdysz9KfQDD41fQrC2Y4vKQdiaUpFT4bXlb1RHhLpp8wtm6M5TgSw==",
      "bin": true
    },
    "undici-types@6.20.0": {
      "integrity": "sha512-Ny6QZ2Nju20vw1SRHe3d9jVu6gJ+4e3+MMpqu7pqE5HT6WsTSlce++GQmK5UXS8mzV8DSYHrQH+Xrf2jVcuKNg=="
    },
    "webidl-conversions@7.0.0": {
      "integrity": "sha512-VwddBukDzu71offAQR975unBIGqfKZpM+8ZX6ySk8nYhVoo5CYaZyzt3YBvYtRtO+aoGlqxPg/B87NGVZ/fu6g=="
    },
    "whatwg-url@14.2.0": {
      "integrity": "sha512-De72GdQZzNTUBBChsXueQUnPKDkg/5A5zp7pFDuQAj5UFoENpiACU0wlCvzpAGnTkj++ihpKwKyYewn/XNUbKw==",
      "dependencies": [
        "tr46",
        "webidl-conversions"
      ]
    },
    "zimmerframe@1.1.2": {
      "integrity": "sha512-rAbqEGa8ovJy4pyBxZM70hg4pE6gDgaQ0Sl9M3enG3I0d6H4XSAM3GeNGLKnsBpuijUow064sf7ww1nutC5/3w=="
    }
  },
  "remote": {
    "https://encoding.spec.whatwg.org/encodings.json": "078212b3697f60b81225b6671bd9da2604497abff0aa8e96e4d46605c02ac9e7"
  }
}
